
Microsoft Visual Studio Solution File, Format Version 12.00
# Visual Studio Version 17
VisualStudioVersion = 17.0.31903.59
MinimumVisualStudioVersion = 10.0.40219.1
Project("{2150E333-8FDC-42A3-9474-1A3956D46DE8}") = "src", "src", "{827E0CD3-B72D-47B6-A68D-7590B98EB39B}"
EndProject
Project("{FAE04EC0-301F-11D3-BF4B-00C04F79EFBC}") = "SmartTodoApp.Domain", "src\SmartTodoApp.Domain\SmartTodoApp.Domain.csproj", "{CAF04707-A4DE-4CA1-A945-A3C743DACA5A}"
EndProject
Project("{FAE04EC0-301F-11D3-BF4B-00C04F79EFBC}") = "SmartTodoApp.Application", "src\SmartTodoApp.Application\SmartTodoApp.Application.csproj", "{0081887E-A40C-461C-8099-DFE3164180F5}"
EndProject
Project("{FAE04EC0-301F-11D3-BF4B-00C04F79EFBC}") = "SmartTodoApp.Infrastructure", "src\SmartTodoApp.Infrastructure\SmartTodoApp.Infrastructure.csproj", "{991B9A36-5BAB-4E80-ACCF-0541F57C84FF}"
EndProject
Project("{FAE04EC0-301F-11D3-BF4B-00C04F79EFBC}") = "SmartTodoApp.API", "src\SmartTodoApp.API\SmartTodoApp.API.csproj", "{A0CE83C7-9EF1-4061-803E-5A7AFC4931D7}"
EndProject
Project("{FAE04EC0-301F-11D3-BF4B-00C04F79EFBC}") = "SmartTodoApp.Shared.Contracts", "src\SmartTodoApp.Shared.Contracts\SmartTodoApp.Shared.Contracts.csproj", "{EA82F580-FB40-43A2-AF17-E7E150CEF531}"
EndProject
Project("{2150E333-8FDC-42A3-9474-1A3956D46DE8}") = "tests", "tests", "{0AB3BF05-4346-4AA6-1389-037BE0695223}"
EndProject
Project("{FAE04EC0-301F-11D3-BF4B-00C04F79EFBC}") = "SmartTodoApp.Tests.Application.UnitTests", "tests\SmartTodoApp.Tests.Application.UnitTests\SmartTodoApp.Tests.Application.UnitTests.csproj", "{0A95CA6E-7C9A-437E-84D6-5B12D4C1B9B9}"
EndProject
Project("{FAE04EC0-301F-11D3-BF4B-00C04F79EFBC}") = "SmartTodoApp.Tests.API.IntegrationTests", "tests\SmartTodoApp.Tests.API.IntegrationTests\SmartTodoApp.Tests.API.IntegrationTests.csproj", "{F125CAB8-581F-4BBB-AA60-A83B245B8FC9}"
EndProject
Project("{FAE04EC0-301F-11D3-BF4B-00C04F79EFBC}") = "SmartTodoApp.Tests.Infrastructure.UnitTests", "tests\SmartTodoApp.Tests.Infrastructure.UnitTests\SmartTodoApp.Tests.Infrastructure.UnitTests.csproj", "{5570AD78-9D99-478C-9660-41FCA07FA8BD}"
EndProject
Global
	GlobalSection(SolutionConfigurationPlatforms) = preSolution
		Debug|Any CPU = Debug|Any CPU
		Debug|x64 = Debug|x64
		Debug|x86 = Debug|x86
		Release|Any CPU = Release|Any CPU
		Release|x64 = Release|x64
		Release|x86 = Release|x86
	EndGlobalSection
	GlobalSection(ProjectConfigurationPlatforms) = postSolution
		{CAF04707-A4DE-4CA1-A945-A3C743DACA5A}.Debug|Any CPU.ActiveCfg = Debug|Any CPU
		{CAF04707-A4DE-4CA1-A945-A3C743DACA5A}.Debug|Any CPU.Build.0 = Debug|Any CPU
		{CAF04707-A4DE-4CA1-A945-A3C743DACA5A}.Debug|x64.ActiveCfg = Debug|Any CPU
		{CAF04707-A4DE-4CA1-A945-A3C743DACA5A}.Debug|x64.Build.0 = Debug|Any CPU
		{CAF04707-A4DE-4CA1-A945-A3C743DACA5A}.Debug|x86.ActiveCfg = Debug|Any CPU
		{CAF04707-A4DE-4CA1-A945-A3C743DACA5A}.Debug|x86.Build.0 = Debug|Any CPU
		{CAF04707-A4DE-4CA1-A945-A3C743DACA5A}.Release|Any CPU.ActiveCfg = Release|Any CPU
		{CAF04707-A4DE-4CA1-A945-A3C743DACA5A}.Release|Any CPU.Build.0 = Release|Any CPU
		{CAF04707-A4DE-4CA1-A945-A3C743DACA5A}.Release|x64.ActiveCfg = Release|Any CPU
		{CAF04707-A4DE-4CA1-A945-A3C743DACA5A}.Release|x64.Build.0 = Release|Any CPU
		{CAF04707-A4DE-4CA1-A945-A3C743DACA5A}.Release|x86.ActiveCfg = Release|Any CPU
		{CAF04707-A4DE-4CA1-A945-A3C743DACA5A}.Release|x86.Build.0 = Release|Any CPU
		{0081887E-A40C-461C-8099-DFE3164180F5}.Debug|Any CPU.ActiveCfg = Debug|Any CPU
		{0081887E-A40C-461C-8099-DFE3164180F5}.Debug|Any CPU.Build.0 = Debug|Any CPU
		{0081887E-A40C-461C-8099-DFE3164180F5}.Debug|x64.ActiveCfg = Debug|Any CPU
		{0081887E-A40C-461C-8099-DFE3164180F5}.Debug|x64.Build.0 = Debug|Any CPU
		{0081887E-A40C-461C-8099-DFE3164180F5}.Debug|x86.ActiveCfg = Debug|Any CPU
		{0081887E-A40C-461C-8099-DFE3164180F5}.Debug|x86.Build.0 = Debug|Any CPU
		{0081887E-A40C-461C-8099-DFE3164180F5}.Release|Any CPU.ActiveCfg = Release|Any CPU
		{0081887E-A40C-461C-8099-DFE3164180F5}.Release|Any CPU.Build.0 = Release|Any CPU
		{0081887E-A40C-461C-8099-DFE3164180F5}.Release|x64.ActiveCfg = Release|Any CPU
		{0081887E-A40C-461C-8099-DFE3164180F5}.Release|x64.Build.0 = Release|Any CPU
		{0081887E-A40C-461C-8099-DFE3164180F5}.Release|x86.ActiveCfg = Release|Any CPU
		{0081887E-A40C-461C-8099-DFE3164180F5}.Release|x86.Build.0 = Release|Any CPU
		{991B9A36-5BAB-4E80-ACCF-0541F57C84FF}.Debug|Any CPU.ActiveCfg = Debug|Any CPU
		{991B9A36-5BAB-4E80-ACCF-0541F57C84FF}.Debug|Any CPU.Build.0 = Debug|Any CPU
		{991B9A36-5BAB-4E80-ACCF-0541F57C84FF}.Debug|x64.ActiveCfg = Debug|Any CPU
		{991B9A36-5BAB-4E80-ACCF-0541F57C84FF}.Debug|x64.Build.0 = Debug|Any CPU
		{991B9A36-5BAB-4E80-ACCF-0541F57C84FF}.Debug|x86.ActiveCfg = Debug|Any CPU
		{991B9A36-5BAB-4E80-ACCF-0541F57C84FF}.Debug|x86.Build.0 = Debug|Any CPU
		{991B9A36-5BAB-4E80-ACCF-0541F57C84FF}.Release|Any CPU.ActiveCfg = Release|Any CPU
		{991B9A36-5BAB-4E80-ACCF-0541F57C84FF}.Release|Any CPU.Build.0 = Release|Any CPU
		{991B9A36-5BAB-4E80-ACCF-0541F57C84FF}.Release|x64.ActiveCfg = Release|Any CPU
		{991B9A36-5BAB-4E80-ACCF-0541F57C84FF}.Release|x64.Build.0 = Release|Any CPU
		{991B9A36-5BAB-4E80-ACCF-0541F57C84FF}.Release|x86.ActiveCfg = Release|Any CPU
		{991B9A36-5BAB-4E80-ACCF-0541F57C84FF}.Release|x86.Build.0 = Release|Any CPU
		{A0CE83C7-9EF1-4061-803E-5A7AFC4931D7}.Debug|Any CPU.ActiveCfg = Debug|Any CPU
		{A0CE83C7-9EF1-4061-803E-5A7AFC4931D7}.Debug|Any CPU.Build.0 = Debug|Any CPU
		{A0CE83C7-9EF1-4061-803E-5A7AFC4931D7}.Debug|x64.ActiveCfg = Debug|Any CPU
		{A0CE83C7-9EF1-4061-803E-5A7AFC4931D7}.Debug|x64.Build.0 = Debug|Any CPU
		{A0CE83C7-9EF1-4061-803E-5A7AFC4931D7}.Debug|x86.ActiveCfg = Debug|Any CPU
		{A0CE83C7-9EF1-4061-803E-5A7AFC4931D7}.Debug|x86.Build.0 = Debug|Any CPU
		{A0CE83C7-9EF1-4061-803E-5A7AFC4931D7}.Release|Any CPU.ActiveCfg = Release|Any CPU
		{A0CE83C7-9EF1-4061-803E-5A7AFC4931D7}.Release|Any CPU.Build.0 = Release|Any CPU
		{A0CE83C7-9EF1-4061-803E-5A7AFC4931D7}.Release|x64.ActiveCfg = Release|Any CPU
		{A0CE83C7-9EF1-4061-803E-5A7AFC4931D7}.Release|x64.Build.0 = Release|Any CPU
		{A0CE83C7-9EF1-4061-803E-5A7AFC4931D7}.Release|x86.ActiveCfg = Release|Any CPU
		{A0CE83C7-9EF1-4061-803E-5A7AFC4931D7}.Release|x86.Build.0 = Release|Any CPU
		{EA82F580-FB40-43A2-AF17-E7E150CEF531}.Debug|Any CPU.ActiveCfg = Debug|Any CPU
		{EA82F580-FB40-43A2-AF17-E7E150CEF531}.Debug|Any CPU.Build.0 = Debug|Any CPU
		{EA82F580-FB40-43A2-AF17-E7E150CEF531}.Debug|x64.ActiveCfg = Debug|Any CPU
		{EA82F580-FB40-43A2-AF17-E7E150CEF531}.Debug|x64.Build.0 = Debug|Any CPU
		{EA82F580-FB40-43A2-AF17-E7E150CEF531}.Debug|x86.ActiveCfg = Debug|Any CPU
		{EA82F580-FB40-43A2-AF17-E7E150CEF531}.Debug|x86.Build.0 = Debug|Any CPU
		{EA82F580-FB40-43A2-AF17-E7E150CEF531}.Release|Any CPU.ActiveCfg = Release|Any CPU
		{EA82F580-FB40-43A2-AF17-E7E150CEF531}.Release|Any CPU.Build.0 = Release|Any CPU
		{EA82F580-FB40-43A2-AF17-E7E150CEF531}.Release|x64.ActiveCfg = Release|Any CPU
		{EA82F580-FB40-43A2-AF17-E7E150CEF531}.Release|x64.Build.0 = Release|Any CPU
		{EA82F580-FB40-43A2-AF17-E7E150CEF531}.Release|x86.ActiveCfg = Release|Any CPU
		{EA82F580-FB40-43A2-AF17-E7E150CEF531}.Release|x86.Build.0 = Release|Any CPU
		{0A95CA6E-7C9A-437E-84D6-5B12D4C1B9B9}.Debug|Any CPU.ActiveCfg = Debug|Any CPU
		{0A95CA6E-7C9A-437E-84D6-5B12D4C1B9B9}.Debug|Any CPU.Build.0 = Debug|Any CPU
		{0A95CA6E-7C9A-437E-84D6-5B12D4C1B9B9}.Debug|x64.ActiveCfg = Debug|Any CPU
		{0A95CA6E-7C9A-437E-84D6-5B12D4C1B9B9}.Debug|x64.Build.0 = Debug|Any CPU
		{0A95CA6E-7C9A-437E-84D6-5B12D4C1B9B9}.Debug|x86.ActiveCfg = Debug|Any CPU
		{0A95CA6E-7C9A-437E-84D6-5B12D4C1B9B9}.Debug|x86.Build.0 = Debug|Any CPU
		{0A95CA6E-7C9A-437E-84D6-5B12D4C1B9B9}.Release|Any CPU.ActiveCfg = Release|Any CPU
		{0A95CA6E-7C9A-437E-84D6-5B12D4C1B9B9}.Release|Any CPU.Build.0 = Release|Any CPU
		{0A95CA6E-7C9A-437E-84D6-5B12D4C1B9B9}.Release|x64.ActiveCfg = Release|Any CPU
		{0A95CA6E-7C9A-437E-84D6-5B12D4C1B9B9}.Release|x64.Build.0 = Release|Any CPU
		{0A95CA6E-7C9A-437E-84D6-5B12D4C1B9B9}.Release|x86.ActiveCfg = Release|Any CPU
		{0A95CA6E-7C9A-437E-84D6-5B12D4C1B9B9}.Release|x86.Build.0 = Release|Any CPU
		{F125CAB8-581F-4BBB-AA60-A83B245B8FC9}.Debug|Any CPU.ActiveCfg = Debug|Any CPU
		{F125CAB8-581F-4BBB-AA60-A83B245B8FC9}.Debug|Any CPU.Build.0 = Debug|Any CPU
		{F125CAB8-581F-4BBB-AA60-A83B245B8FC9}.Debug|x64.ActiveCfg = Debug|Any CPU
		{F125CAB8-581F-4BBB-AA60-A83B245B8FC9}.Debug|x64.Build.0 = Debug|Any CPU
		{F125CAB8-581F-4BBB-AA60-A83B245B8FC9}.Debug|x86.ActiveCfg = Debug|Any CPU
		{F125CAB8-581F-4BBB-AA60-A83B245B8FC9}.Debug|x86.Build.0 = Debug|Any CPU
		{F125CAB8-581F-4BBB-AA60-A83B245B8FC9}.Release|Any CPU.ActiveCfg = Release|Any CPU
		{F125CAB8-581F-4BBB-AA60-A83B245B8FC9}.Release|Any CPU.Build.0 = Release|Any CPU
		{F125CAB8-581F-4BBB-AA60-A83B245B8FC9}.Release|x64.ActiveCfg = Release|Any CPU
		{F125CAB8-581F-4BBB-AA60-A83B245B8FC9}.Release|x64.Build.0 = Release|Any CPU
		{F125CAB8-581F-4BBB-AA60-A83B245B8FC9}.Release|x86.ActiveCfg = Release|Any CPU
		{F125CAB8-581F-4BBB-AA60-A83B245B8FC9}.Release|x86.Build.0 = Release|Any CPU
		{5570AD78-9D99-478C-9660-41FCA07FA8BD}.Debug|Any CPU.ActiveCfg = Debug|Any CPU
		{5570AD78-9D99-478C-9660-41FCA07FA8BD}.Debug|Any CPU.Build.0 = Debug|Any CPU
		{5570AD78-9D99-478C-9660-41FCA07FA8BD}.Debug|x64.ActiveCfg = Debug|Any CPU
		{5570AD78-9D99-478C-9660-41FCA07FA8BD}.Debug|x64.Build.0 = Debug|Any CPU
		{5570AD78-9D99-478C-9660-41FCA07FA8BD}.Debug|x86.ActiveCfg = Debug|Any CPU
		{5570AD78-9D99-478C-9660-41FCA07FA8BD}.Debug|x86.Build.0 = Debug|Any CPU
		{5570AD78-9D99-478C-9660-41FCA07FA8BD}.Release|Any CPU.ActiveCfg = Release|Any CPU
		{5570AD78-9D99-478C-9660-41FCA07FA8BD}.Release|Any CPU.Build.0 = Release|Any CPU
		{5570AD78-9D99-478C-9660-41FCA07FA8BD}.Release|x64.ActiveCfg = Release|Any CPU
		{5570AD78-9D99-478C-9660-41FCA07FA8BD}.Release|x64.Build.0 = Release|Any CPU
		{5570AD78-9D99-478C-9660-41FCA07FA8BD}.Release|x86.ActiveCfg = Release|Any CPU
		{5570AD78-9D99-478C-9660-41FCA07FA8BD}.Release|x86.Build.0 = Release|Any CPU
	EndGlobalSection
	GlobalSection(SolutionProperties) = preSolution
		HideSolutionNode = FALSE
	EndGlobalSection
	GlobalSection(NestedProjects) = preSolution
		{CAF04707-A4DE-4CA1-A945-A3C743DACA5A} = {827E0CD3-B72D-47B6-A68D-7590B98EB39B}
		{0081887E-A40C-461C-8099-DFE3164180F5} = {827E0CD3-B72D-47B6-A68D-7590B98EB39B}
		{991B9A36-5BAB-4E80-ACCF-0541F57C84FF} = {827E0CD3-B72D-47B6-A68D-7590B98EB39B}
		{A0CE83C7-9EF1-4061-803E-5A7AFC4931D7} = {827E0CD3-B72D-47B6-A68D-7590B98EB39B}
		{EA82F580-FB40-43A2-AF17-E7E150CEF531} = {827E0CD3-B72D-47B6-A68D-7590B98EB39B}
		{0A95CA6E-7C9A-437E-84D6-5B12D4C1B9B9} = {0AB3BF05-4346-4AA6-1389-037BE0695223}
		{F125CAB8-581F-4BBB-AA60-A83B245B8FC9} = {0AB3BF05-4346-4AA6-1389-037BE0695223}
		{5570AD78-9D99-478C-9660-41FCA07FA8BD} = {0AB3BF05-4346-4AA6-1389-037BE0695223}
	EndGlobalSection
EndGlobal
